
Microsoft Visual Studio Solution File, Format Version 12.00
# Visual Studio 15
VisualStudioVersion = 15.0.28010.2003
MinimumVisualStudioVersion = 10.0.40219.1
Project("{FAE04EC0-301F-11D3-BF4B-00C04F79EFBC}") = "QueueApp", "QueueApp\QueueApp.csproj", "{A88B9ED0-C556-4B6C-B0CC-DAB3C4BA9853}"
EndProject
Global
	GlobalSection(SolutionConfigurationPlatforms) = preSolution
		Debug|Any CPU = Debug|Any CPU
		Release|Any CPU = Release|Any CPU
	EndGlobalSection
	GlobalSection(ProjectConfigurationPlatforms) = postSolution
		{A88B9ED0-C556-4B6C-B0CC-DAB3C4BA9853}.Debug|Any CPU.ActiveCfg = Debug|Any CPU
		{A88B9ED0-C556-4B6C-B0CC-DAB3C4BA9853}.Debug|Any CPU.Build.0 = Debug|Any CPU
		{A88B9ED0-C556-4B6C-B0CC-DAB3C4BA9853}.Release|Any CPU.ActiveCfg = Release|Any CPU
		{A88B9ED0-C556-4B6C-B0CC-DAB3C4BA9853}.Release|Any CPU.Build.0 = Release|Any CPU
	EndGlobalSection
	GlobalSection(SolutionProperties) = preSolution
		HideSolutionNode = FALSE
	EndGlobalSection
	GlobalSection(ExtensibilityGlobals) = postSolution
		SolutionGuid = {265855C6-FA67-42CF-81B6-E2B82DFC360C}
	EndGlobalSection
EndGlobal
